
Microsoft Visual Studio Solution File, Format Version 12.00
# Visual Studio 15
VisualStudioVersion = 15.0.27130.2027
MinimumVisualStudioVersion = 10.0.40219.1
Project("{9A19103F-16F7-4668-BE54-9A1E7A4F7556}") = "Lab1A", "Lab1A\Lab1A.csproj", "{B59F3851-D017-4A95-84B8-8BD11449870C}"
EndProject
Project("{FAE04EC0-301F-11D3-BF4B-00C04F79EFBC}") = "UnitTestProject1", "UnitTestProject1\UnitTestProject1.csproj", "{0FCCEA3A-EFE7-440B-8144-19F7E6C88538}"
EndProject
Project("{FAE04EC0-301F-11D3-BF4B-00C04F79EFBC}") = "Lab1B", "Lab1B\Lab1B.csproj", "{707D7B57-C428-4592-8D9B-DFD60F63D6B2}"
EndProject
Global
	GlobalSection(SolutionConfigurationPlatforms) = preSolution
		Debug|Any CPU = Debug|Any CPU
		Release|Any CPU = Release|Any CPU
	EndGlobalSection
	GlobalSection(ProjectConfigurationPlatforms) = postSolution
		{B59F3851-D017-4A95-84B8-8BD11449870C}.Debug|Any CPU.ActiveCfg = Debug|Any CPU
		{B59F3851-D017-4A95-84B8-8BD11449870C}.Debug|Any CPU.Build.0 = Debug|Any CPU
		{B59F3851-D017-4A95-84B8-8BD11449870C}.Release|Any CPU.ActiveCfg = Release|Any CPU
		{B59F3851-D017-4A95-84B8-8BD11449870C}.Release|Any CPU.Build.0 = Release|Any CPU
		{0FCCEA3A-EFE7-440B-8144-19F7E6C88538}.Debug|Any CPU.ActiveCfg = Debug|Any CPU
		{0FCCEA3A-EFE7-440B-8144-19F7E6C88538}.Debug|Any CPU.Build.0 = Debug|Any CPU
		{0FCCEA3A-EFE7-440B-8144-19F7E6C88538}.Release|Any CPU.ActiveCfg = Release|Any CPU
		{0FCCEA3A-EFE7-440B-8144-19F7E6C88538}.Release|Any CPU.Build.0 = Release|Any CPU
		{707D7B57-C428-4592-8D9B-DFD60F63D6B2}.Debug|Any CPU.ActiveCfg = Debug|Any CPU
		{707D7B57-C428-4592-8D9B-DFD60F63D6B2}.Debug|Any CPU.Build.0 = Debug|Any CPU
		{707D7B57-C428-4592-8D9B-DFD60F63D6B2}.Release|Any CPU.ActiveCfg = Release|Any CPU
		{707D7B57-C428-4592-8D9B-DFD60F63D6B2}.Release|Any CPU.Build.0 = Release|Any CPU
	EndGlobalSection
	GlobalSection(SolutionProperties) = preSolution
		HideSolutionNode = FALSE
	EndGlobalSection
	GlobalSection(ExtensibilityGlobals) = postSolution
		SolutionGuid = {E2190D55-4661-4C13-8EF2-A627DCDFDADB}
	EndGlobalSection
EndGlobal
